// !$*UTF8*$!
{
	archiveVersion = 1;
	classes = {
	};
	objectVersion = 46;
	objects = {

/* Begin PBXBuildFile section */
		FCFC1A291CCE1B99009580F8 /* main.m in Sources */ = {isa = PBXBuildFile; fileRef = FCFC1A281CCE1B99009580F8 /* main.m */; };
		FCFC1A2C1CCE1B99009580F8 /* AppDelegate.m in Sources */ = {isa = PBXBuildFile; fileRef = FCFC1A2B1CCE1B99009580F8 /* AppDelegate.m */; };
		FCFC1A2F1CCE1B99009580F8 /* ViewController.m in Sources */ = {isa = PBXBuildFile; fileRef = FCFC1A2E1CCE1B99009580F8 /* ViewController.m */; };
		FCFC1A321CCE1B9A009580F8 /* Main.storyboard in Resources */ = {isa = PBXBuildFile; fileRef = FCFC1A301CCE1B9A009580F8 /* Main.storyboard */; };
		FCFC1A341CCE1B9A009580F8 /* Assets.xcassets in Resources */ = {isa = PBXBuildFile; fileRef = FCFC1A331CCE1B9A009580F8 /* Assets.xcassets */; };
		FCFC1A371CCE1B9A009580F8 /* LaunchScreen.storyboard in Resources */ = {isa = PBXBuildFile; fileRef = FCFC1A351CCE1B9A009580F8 /* LaunchScreen.storyboard */; };
		FCFC1A421CCE1B9B009580F8 /* SatelliteEarthImageTests.m in Sources */ = {isa = PBXBuildFile; fileRef = FCFC1A411CCE1B9B009580F8 /* SatelliteEarthImageTests.m */; };
		FCFC1A4D1CCE1B9B009580F8 /* SatelliteEarthImageUITests.m in Sources */ = {isa = PBXBuildFile; fileRef = FCFC1A4C1CCE1B9B009580F8 /* SatelliteEarthImageUITests.m */; };
/* End PBXBuildFile section */

/* Begin PBXContainerItemProxy section */
		FCFC1A3E1CCE1B9B009580F8 /* PBXContainerItemProxy */ = {
			isa = PBXContainerItemProxy;
			containerPortal = FCFC1A1C1CCE1B98009580F8 /* Project object */;
			proxyType = 1;
			remoteGlobalIDString = FCFC1A231CCE1B98009580F8;
			remoteInfo = SatelliteEarthImage;
		};
		FCFC1A491CCE1B9B009580F8 /* PBXContainerItemProxy */ = {
			isa = PBXContainerItemProxy;
			containerPortal = FCFC1A1C1CCE1B98009580F8 /* Project object */;
			proxyType = 1;
			remoteGlobalIDString = FCFC1A231CCE1B98009580F8;
			remoteInfo = SatelliteEarthImage;
		};
/* End PBXContainerItemProxy section */

/* Begin PBXFileReference section */
		FCFC1A241CCE1B98009580F8 /* SatelliteEarthImage.app */ = {isa = PBXFileReference; explicitFileType = wrapper.application; includeInIndex = 0; path = SatelliteEarthImage.app; sourceTree = BUILT_PRODUCTS_DIR; };
		FCFC1A281CCE1B99009580F8 /* main.m */ = {isa = PBXFileReference; lastKnownFileType = sourcecode.c.objc; path = main.m; sourceTree = "<group>"; };
		FCFC1A2A1CCE1B99009580F8 /* AppDelegate.h */ = {isa = PBXFileReference; lastKnownFileType = sourcecode.c.h; path = AppDelegate.h; sourceTree = "<group>"; };
		FCFC1A2B1CCE1B99009580F8 /* AppDelegate.m */ = {isa = PBXFileReference; lastKnownFileType = sourcecode.c.objc; path = AppDelegate.m; sourceTree = "<group>"; };
		FCFC1A2D1CCE1B99009580F8 /* ViewController.h */ = {isa = PBXFileReference; lastKnownFileType = sourcecode.c.h; path = ViewController.h; sourceTree = "<group>"; };
		FCFC1A2E1CCE1B99009580F8 /* ViewController.m */ = {isa = PBXFileReference; lastKnownFileType = sourcecode.c.objc; path = ViewController.m; sourceTree = "<group>"; };
		FCFC1A311CCE1B9A009580F8 /* Base */ = {isa = PBXFileReference; lastKnownFileType = file.storyboard; name = Base; path = Base.lproj/Main.storyboard; sourceTree = "<group>"; };
		FCFC1A331CCE1B9A009580F8 /* Assets.xcassets */ = {isa = PBXFileReference; lastKnownFileType = folder.assetcatalog; path = Assets.xcassets; sourceTree = "<group>"; };
		FCFC1A361CCE1B9A009580F8 /* Base */ = {isa = PBXFileReference; lastKnownFileType = file.storyboard; name = Base; path = Base.lproj/LaunchScreen.storyboard; sourceTree = "<group>"; };
		FCFC1A381CCE1B9A009580F8 /* Info.plist */ = {isa = PBXFileReference; lastKnownFileType = text.plist.xml; path = Info.plist; sourceTree = "<group>"; };
		FCFC1A3D1CCE1B9B009580F8 /* SatelliteEarthImageTests.xctest */ = {isa = PBXFileReference; explicitFileType = wrapper.cfbundle; includeInIndex = 0; path = SatelliteEarthImageTests.xctest; sourceTree = BUILT_PRODUCTS_DIR; };
		FCFC1A411CCE1B9B009580F8 /* SatelliteEarthImageTests.m */ = {isa = PBXFileReference; lastKnownFileType = sourcecode.c.objc; path = SatelliteEarthImageTests.m; sourceTree = "<group>"; };
		FCFC1A431CCE1B9B009580F8 /* Info.plist */ = {isa = PBXFileReference; lastKnownFileType = text.plist.xml; path = Info.plist; sourceTree = "<group>"; };
		FCFC1A481CCE1B9B009580F8 /* SatelliteEarthImageUITests.xctest */ = {isa = PBXFileReference; explicitFileType = wrapper.cfbundle; includeInIndex = 0; path = SatelliteEarthImageUITests.xctest; sourceTree = BUILT_PRODUCTS_DIR; };
		FCFC1A4C1CCE1B9B009580F8 /* SatelliteEarthImageUITests.m */ = {isa = PBXFileReference; lastKnownFileType = sourcecode.c.objc; path = SatelliteEarthImageUITests.m; sourceTree = "<group>"; };
		FCFC1A4E1CCE1B9B009580F8 /* Info.plist */ = {isa = PBXFileReference; lastKnownFileType = text.plist.xml; path = Info.plist; sourceTree = "<group>"; };
/* End PBXFileReference section */

/* Begin PBXFrameworksBuildPhase section */
		FCFC1A211CCE1B98009580F8 /* Frameworks */ = {
			isa = PBXFrameworksBuildPhase;
			buildActionMask = 2147483647;
			files = (
			);
			runOnlyForDeploymentPostprocessing = 0;
		};
		FCFC1A3A1CCE1B9B009580F8 /* Frameworks */ = {
			isa = PBXFrameworksBuildPhase;
			buildActionMask = 2147483647;
			files = (
			);
			runOnlyForDeploymentPostprocessing = 0;
		};
		FCFC1A451CCE1B9B009580F8 /* Frameworks */ = {
			isa = PBXFrameworksBuildPhase;
			buildActionMask = 2147483647;
			files = (
			);
			runOnlyForDeploymentPostprocessing = 0;
		};
/* End PBXFrameworksBuildPhase section */

/* Begin PBXGroup section */
		FCFC1A1B1CCE1B98009580F8 = {
			isa = PBXGroup;
			children = (
				FCFC1A261CCE1B99009580F8 /* SatelliteEarthImage */,
				FCFC1A401CCE1B9B009580F8 /* SatelliteEarthImageTests */,
				FCFC1A4B1CCE1B9B009580F8 /* SatelliteEarthImageUITests */,
				FCFC1A251CCE1B98009580F8 /* Products */,
			);
			sourceTree = "<group>";
		};
		FCFC1A251CCE1B98009580F8 /* Products */ = {
			isa = PBXGroup;
			children = (
				FCFC1A241CCE1B98009580F8 /* SatelliteEarthImage.app */,
				FCFC1A3D1CCE1B9B009580F8 /* SatelliteEarthImageTests.xctest */,
				FCFC1A481CCE1B9B009580F8 /* SatelliteEarthImageUITests.xctest */,
			);
			name = Products;
			sourceTree = "<group>";
		};
		FCFC1A261CCE1B99009580F8 /* SatelliteEarthImage */ = {
			isa = PBXGroup;
			children = (
				FCFC1A2A1CCE1B99009580F8 /* AppDelegate.h */,
				FCFC1A2B1CCE1B99009580F8 /* AppDelegate.m */,
				FCFC1A2D1CCE1B99009580F8 /* ViewController.h */,
				FCFC1A2E1CCE1B99009580F8 /* ViewController.m */,
				FCFC1A301CCE1B9A009580F8 /* Main.storyboard */,
				FCFC1A331CCE1B9A009580F8 /* Assets.xcassets */,
				FCFC1A351CCE1B9A009580F8 /* LaunchScreen.storyboard */,
				FCFC1A381CCE1B9A009580F8 /* Info.plist */,
				FCFC1A271CCE1B99009580F8 /* Supporting Files */,
			);
			path = SatelliteEarthImage;
			sourceTree = "<group>";
		};
		FCFC1A271CCE1B99009580F8 /* Supporting Files */ = {
			isa = PBXGroup;
			children = (
				FCFC1A281CCE1B99009580F8 /* main.m */,
			);
			name = "Supporting Files";
			sourceTree = "<group>";
		};
		FCFC1A401CCE1B9B009580F8 /* SatelliteEarthImageTests */ = {
			isa = PBXGroup;
			children = (
				FCFC1A411CCE1B9B009580F8 /* SatelliteEarthImageTests.m */,
				FCFC1A431CCE1B9B009580F8 /* Info.plist */,
			);
			path = SatelliteEarthImageTests;
			sourceTree = "<group>";
		};
		FCFC1A4B1CCE1B9B009580F8 /* SatelliteEarthImageUITests */ = {
			isa = PBXGroup;
			children = (
				FCFC1A4C1CCE1B9B009580F8 /* SatelliteEarthImageUITests.m */,
				FCFC1A4E1CCE1B9B009580F8 /* Info.plist */,
			);
			path = SatelliteEarthImageUITests;
			sourceTree = "<group>";
		};
/* End PBXGroup section */

/* Begin PBXNativeTarget section */
		FCFC1A231CCE1B98009580F8 /* SatelliteEarthImage */ = {
			isa = PBXNativeTarget;
			buildConfigurationList = FCFC1A511CCE1B9B009580F8 /* Build configuration list for PBXNativeTarget "SatelliteEarthImage" */;
			buildPhases = (
				FCFC1A201CCE1B98009580F8 /* Sources */,
				FCFC1A211CCE1B98009580F8 /* Frameworks */,
				FCFC1A221CCE1B98009580F8 /* Resources */,
			);
			buildRules = (
			);
			dependencies = (
			);
			name = SatelliteEarthImage;
			productName = SatelliteEarthImage;
			productReference = FCFC1A241CCE1B98009580F8 /* SatelliteEarthImage.app */;
			productType = "com.apple.product-type.application";
		};
		FCFC1A3C1CCE1B9B009580F8 /* SatelliteEarthImageTests */ = {
			isa = PBXNativeTarget;
			buildConfigurationList = FCFC1A541CCE1B9B009580F8 /* Build configuration list for PBXNativeTarget "SatelliteEarthImageTests" */;
			buildPhases = (
				FCFC1A391CCE1B9B009580F8 /* Sources */,
				FCFC1A3A1CCE1B9B009580F8 /* Frameworks */,
				FCFC1A3B1CCE1B9B009580F8 /* Resources */,
			);
			buildRules = (
			);
			dependencies = (
				FCFC1A3F1CCE1B9B009580F8 /* PBXTargetDependency */,
			);
			name = SatelliteEarthImageTests;
			productName = SatelliteEarthImageTests;
			productReference = FCFC1A3D1CCE1B9B009580F8 /* SatelliteEarthImageTests.xctest */;
			productType = "com.apple.product-type.bundle.unit-test";
		};
		FCFC1A471CCE1B9B009580F8 /* SatelliteEarthImageUITests */ = {
			isa = PBXNativeTarget;
			buildConfigurationList = FCFC1A571CCE1B9B009580F8 /* Build configuration list for PBXNativeTarget "SatelliteEarthImageUITests" */;
			buildPhases = (
				FCFC1A441CCE1B9B009580F8 /* Sources */,
				FCFC1A451CCE1B9B009580F8 /* Frameworks */,
				FCFC1A461CCE1B9B009580F8 /* Resources */,
			);
			buildRules = (
			);
			dependencies = (
				FCFC1A4A1CCE1B9B009580F8 /* PBXTargetDependency */,
			);
			name = SatelliteEarthImageUITests;
			productName = SatelliteEarthImageUITests;
			productReference = FCFC1A481CCE1B9B009580F8 /* SatelliteEarthImageUITests.xctest */;
			productType = "com.apple.product-type.bundle.ui-testing";
		};
/* End PBXNativeTarget section */

/* Begin PBXProject section */
		FCFC1A1C1CCE1B98009580F8 /* Project object */ = {
			isa = PBXProject;
			attributes = {
				LastUpgradeCheck = 0730;
				ORGANIZATIONNAME = "Gnatyuk Ivan";
				TargetAttributes = {
					FCFC1A231CCE1B98009580F8 = {
						CreatedOnToolsVersion = 7.3;
					};
					FCFC1A3C1CCE1B9B009580F8 = {
						CreatedOnToolsVersion = 7.3;
						TestTargetID = FCFC1A231CCE1B98009580F8;
					};
					FCFC1A471CCE1B9B009580F8 = {
						CreatedOnToolsVersion = 7.3;
						TestTargetID = FCFC1A231CCE1B98009580F8;
					};
				};
			};
			buildConfigurationList = FCFC1A1F1CCE1B98009580F8 /* Build configuration list for PBXProject "SatelliteEarthImage" */;
			compatibilityVersion = "Xcode 3.2";
			developmentRegion = English;
			hasScannedForEncodings = 0;
			knownRegions = (
				en,
				Base,
			);
			mainGroup = FCFC1A1B1CCE1B98009580F8;
			productRefGroup = FCFC1A251CCE1B98009580F8 /* Products */;
			projectDirPath = "";
			projectRoot = "";
			targets = (
				FCFC1A231CCE1B98009580F8 /* SatelliteEarthImage */,
				FCFC1A3C1CCE1B9B009580F8 /* SatelliteEarthImageTests */,
				FCFC1A471CCE1B9B009580F8 /* SatelliteEarthImageUITests */,
			);
		};
/* End PBXProject section */

/* Begin PBXResourcesBuildPhase section */
		FCFC1A221CCE1B98009580F8 /* Resources */ = {
			isa = PBXResourcesBuildPhase;
			buildActionMask = 2147483647;
			files = (
				FCFC1A371CCE1B9A009580F8 /* LaunchScreen.storyboard in Resources */,
				FCFC1A341CCE1B9A009580F8 /* Assets.xcassets in Resources */,
				FCFC1A321CCE1B9A009580F8 /* Main.storyboard in Resources */,
			);
			runOnlyForDeploymentPostprocessing = 0;
		};
		FCFC1A3B1CCE1B9B009580F8 /* Resources */ = {
			isa = PBXResourcesBuildPhase;
			buildActionMask = 2147483647;
			files = (
			);
			runOnlyForDeploymentPostprocessing = 0;
		};
		FCFC1A461CCE1B9B009580F8 /* Resources */ = {
			isa = PBXResourcesBuildPhase;
			buildActionMask = 2147483647;
			files = (
			);
			runOnlyForDeploymentPostprocessing = 0;
		};
/* End PBXResourcesBuildPhase section */

/* Begin PBXSourcesBuildPhase section */
		FCFC1A201CCE1B98009580F8 /* Sources */ = {
			isa = PBXSourcesBuildPhase;
			buildActionMask = 2147483647;
			files = (
				FCFC1A2F1CCE1B99009580F8 /* ViewController.m in Sources */,
				FCFC1A2C1CCE1B99009580F8 /* AppDelegate.m in Sources */,
				FCFC1A291CCE1B99009580F8 /* main.m in Sources */,
			);
			runOnlyForDeploymentPostprocessing = 0;
		};
		FCFC1A391CCE1B9B009580F8 /* Sources */ = {
			isa = PBXSourcesBuildPhase;
			buildActionMask = 2147483647;
			files = (
				FCFC1A421CCE1B9B009580F8 /* SatelliteEarthImageTests.m in Sources */,
			);
			runOnlyForDeploymentPostprocessing = 0;
		};
		FCFC1A441CCE1B9B009580F8 /* Sources */ = {
			isa = PBXSourcesBuildPhase;
			buildActionMask = 2147483647;
			files = (
				FCFC1A4D1CCE1B9B009580F8 /* SatelliteEarthImageUITests.m in Sources */,
			);
			runOnlyForDeploymentPostprocessing = 0;
		};
/* End PBXSourcesBuildPhase section */

/* Begin PBXTargetDependency section */
		FCFC1A3F1CCE1B9B009580F8 /* PBXTargetDependency */ = {
			isa = PBXTargetDependency;
			target = FCFC1A231CCE1B98009580F8 /* SatelliteEarthImage */;
			targetProxy = FCFC1A3E1CCE1B9B009580F8 /* PBXContainerItemProxy */;
		};
		FCFC1A4A1CCE1B9B009580F8 /* PBXTargetDependency */ = {
			isa = PBXTargetDependency;
			target = FCFC1A231CCE1B98009580F8 /* SatelliteEarthImage */;
			targetProxy = FCFC1A491CCE1B9B009580F8 /* PBXContainerItemProxy */;
		};
/* End PBXTargetDependency section */

/* Begin PBXVariantGroup section */
		FCFC1A301CCE1B9A009580F8 /* Main.storyboard */ = {
			isa = PBXVariantGroup;
			children = (
				FCFC1A311CCE1B9A009580F8 /* Base */,
			);
			name = Main.storyboard;
			sourceTree = "<group>";
		};
		FCFC1A351CCE1B9A009580F8 /* LaunchScreen.storyboard */ = {
			isa = PBXVariantGroup;
			children = (
				FCFC1A361CCE1B9A009580F8 /* Base */,
			);
			name = LaunchScreen.storyboard;
			sourceTree = "<group>";
		};
/* End PBXVariantGroup section */

/* Begin XCBuildConfiguration section */
		FCFC1A4F1CCE1B9B009580F8 /* Debug */ = {
			isa = XCBuildConfiguration;
			buildSettings = {
				ALWAYS_SEARCH_USER_PATHS = NO;
				CLANG_ANALYZER_NONNULL = YES;
				CLANG_CXX_LANGUAGE_STANDARD = "gnu++0x";
				CLANG_CXX_LIBRARY = "libc++";
				CLANG_ENABLE_MODULES = YES;
				CLANG_ENABLE_OBJC_ARC = YES;
				CLANG_WARN_BOOL_CONVERSION = YES;
				CLANG_WARN_CONSTANT_CONVERSION = YES;
				CLANG_WARN_DIRECT_OBJC_ISA_USAGE = YES_ERROR;
				CLANG_WARN_EMPTY_BODY = YES;
				CLANG_WARN_ENUM_CONVERSION = YES;
				CLANG_WARN_INT_CONVERSION = YES;
				CLANG_WARN_OBJC_ROOT_CLASS = YES_ERROR;
				CLANG_WARN_UNREACHABLE_CODE = YES;
				CLANG_WARN__DUPLICATE_METHOD_MATCH = YES;
				"CODE_SIGN_IDENTITY[sdk=iphoneos*]" = "iPhone Developer";
				COPY_PHASE_STRIP = NO;
				DEBUG_INFORMATION_FORMAT = dwarf;
				ENABLE_STRICT_OBJC_MSGSEND = YES;
				ENABLE_TESTABILITY = YES;
				GCC_C_LANGUAGE_STANDARD = gnu99;
				GCC_DYNAMIC_NO_PIC = NO;
				GCC_NO_COMMON_BLOCKS = YES;
				GCC_OPTIMIZATION_LEVEL = 0;
				GCC_PREPROCESSOR_DEFINITIONS = (
					"DEBUG=1",
					"$(inherited)",
				);
				GCC_WARN_64_TO_32_BIT_CONVERSION = YES;
				GCC_WARN_ABOUT_RETURN_TYPE = YES_ERROR;
				GCC_WARN_UNDECLARED_SELECTOR = YES;
				GCC_WARN_UNINITIALIZED_AUTOS = YES_AGGRESSIVE;
				GCC_WARN_UNUSED_FUNCTION = YES;
				GCC_WARN_UNUSED_VARIABLE = YES;
				IPHONEOS_DEPLOYMENT_TARGET = 9.3;
				MTL_ENABLE_DEBUG_INFO = YES;
				ONLY_ACTIVE_ARCH = YES;
				SDKROOT = iphoneos;
				TARGETED_DEVICE_FAMILY = "1,2";
			};
			name = Debug;
		};
		FCFC1A501CCE1B9B009580F8 /* Release */ = {
			isa = XCBuildConfiguration;
			buildSettings = {
				ALWAYS_SEARCH_USER_PATHS = NO;
				CLANG_ANALYZER_NONNULL = YES;
				CLANG_CXX_LANGUAGE_STANDARD = "gnu++0x";
				CLANG_CXX_LIBRARY = "libc++";
				CLANG_ENABLE_MODULES = YES;
				CLANG_ENABLE_OBJC_ARC = YES;
				CLANG_WARN_BOOL_CONVERSION = YES;
				CLANG_WARN_CONSTANT_CONVERSION = YES;
				CLANG_WARN_DIRECT_OBJC_ISA_USAGE = YES_ERROR;
				CLANG_WARN_EMPTY_BODY = YES;
				CLANG_WARN_ENUM_CONVERSION = YES;
				CLANG_WARN_INT_CONVERSION = YES;
				CLANG_WARN_OBJC_ROOT_CLASS = YES_ERROR;
				CLANG_WARN_UNREACHABLE_CODE = YES;
				CLANG_WARN__DUPLICATE_METHOD_MATCH = YES;
				"CODE_SIGN_IDENTITY[sdk=iphoneos*]" = "iPhone Developer";
				COPY_PHASE_STRIP = NO;
				DEBUG_INFORMATION_FORMAT = "dwarf-with-dsym";
				ENABLE_NS_ASSERTIONS = NO;
				ENABLE_STRICT_OBJC_MSGSEND = YES;
				GCC_C_LANGUAGE_STANDARD = gnu99;
				GCC_NO_COMMON_BLOCKS = YES;
				GCC_WARN_64_TO_32_BIT_CONVERSION = YES;
				GCC_WARN_ABOUT_RETURN_TYPE = YES_ERROR;
				GCC_WARN_UNDECLARED_SELECTOR = YES;
				GCC_WARN_UNINITIALIZED_AUTOS = YES_AGGRESSIVE;
				GCC_WARN_UNUSED_FUNCTION = YES;
				GCC_WARN_UNUSED_VARIABLE = YES;
				IPHONEOS_DEPLOYMENT_TARGET = 9.3;
				MTL_ENABLE_DEBUG_INFO = NO;
				SDKROOT = iphoneos;
				TARGETED_DEVICE_FAMILY = "1,2";
				VALIDATE_PRODUCT = YES;
			};
			name = Release;
		};
		FCFC1A521CCE1B9B009580F8 /* Debug */ = {
			isa = XCBuildConfiguration;
			buildSettings = {
				ASSETCATALOG_COMPILER_APPICON_NAME = AppIcon;
				INFOPLIST_FILE = SatelliteEarthImage/Info.plist;
				LD_RUNPATH_SEARCH_PATHS = "$(inherited) @executable_path/Frameworks";
				PRODUCT_BUNDLE_IDENTIFIER = daleijn.SatelliteEarthImage;
				PRODUCT_NAME = "$(TARGET_NAME)";
			};
			name = Debug;
		};
		FCFC1A531CCE1B9B009580F8 /* Release */ = {
			isa = XCBuildConfiguration;
			buildSettings = {
				ASSETCATALOG_COMPILER_APPICON_NAME = AppIcon;
				INFOPLIST_FILE = SatelliteEarthImage/Info.plist;
				LD_RUNPATH_SEARCH_PATHS = "$(inherited) @executable_path/Frameworks";
				PRODUCT_BUNDLE_IDENTIFIER = daleijn.SatelliteEarthImage;
				PRODUCT_NAME = "$(TARGET_NAME)";
			};
			name = Release;
		};
		FCFC1A551CCE1B9B009580F8 /* Debug */ = {
			isa = XCBuildConfiguration;
			buildSettings = {
				BUNDLE_LOADER = "$(TEST_HOST)";
				INFOPLIST_FILE = SatelliteEarthImageTests/Info.plist;
				LD_RUNPATH_SEARCH_PATHS = "$(inherited) @executable_path/Frameworks @loader_path/Frameworks";
				PRODUCT_BUNDLE_IDENTIFIER = daleijn.SatelliteEarthImageTests;
				PRODUCT_NAME = "$(TARGET_NAME)";
				TEST_HOST = "$(BUILT_PRODUCTS_DIR)/SatelliteEarthImage.app/SatelliteEarthImage";
			};
			name = Debug;
		};
		FCFC1A561CCE1B9B009580F8 /* Release */ = {
			isa = XCBuildConfiguration;
			buildSettings = {
				BUNDLE_LOADER = "$(TEST_HOST)";
				INFOPLIST_FILE = SatelliteEarthImageTests/Info.plist;
				LD_RUNPATH_SEARCH_PATHS = "$(inherited) @executable_path/Frameworks @loader_path/Frameworks";
				PRODUCT_BUNDLE_IDENTIFIER = daleijn.SatelliteEarthImageTests;
				PRODUCT_NAME = "$(TARGET_NAME)";
				TEST_HOST = "$(BUILT_PRODUCTS_DIR)/SatelliteEarthImage.app/SatelliteEarthImage";
			};
			name = Release;
		};
		FCFC1A581CCE1B9B009580F8 /* Debug */ = {
			isa = XCBuildConfiguration;
			buildSettings = {
				INFOPLIST_FILE = SatelliteEarthImageUITests/Info.plist;
				LD_RUNPATH_SEARCH_PATHS = "$(inherited) @executable_path/Frameworks @loader_path/Frameworks";
				PRODUCT_BUNDLE_IDENTIFIER = daleijn.SatelliteEarthImageUITests;
				PRODUCT_NAME = "$(TARGET_NAME)";
				TEST_TARGET_NAME = SatelliteEarthImage;
			};
			name = Debug;
		};
		FCFC1A591CCE1B9B009580F8 /* Release */ = {
			isa = XCBuildConfiguration;
			buildSettings = {
				INFOPLIST_FILE = SatelliteEarthImageUITests/Info.plist;
				LD_RUNPATH_SEARCH_PATHS = "$(inherited) @executable_path/Frameworks @loader_path/Frameworks";
				PRODUCT_BUNDLE_IDENTIFIER = daleijn.SatelliteEarthImageUITests;
				PRODUCT_NAME = "$(TARGET_NAME)";
				TEST_TARGET_NAME = SatelliteEarthImage;
			};
			name = Release;
		};
/* End XCBuildConfiguration section */

/* Begin XCConfigurationList section */
		FCFC1A1F1CCE1B98009580F8 /* Build configuration list for PBXProject "SatelliteEarthImage" */ = {
			isa = XCConfigurationList;
			buildConfigurations = (
				FCFC1A4F1CCE1B9B009580F8 /* Debug */,
				FCFC1A501CCE1B9B009580F8 /* Release */,
			);
			defaultConfigurationIsVisible = 0;
			defaultConfigurationName = Release;
		};
		FCFC1A511CCE1B9B009580F8 /* Build configuration list for PBXNativeTarget "SatelliteEarthImage" */ = {
			isa = XCConfigurationList;
			buildConfigurations = (
				FCFC1A521CCE1B9B009580F8 /* Debug */,
				FCFC1A531CCE1B9B009580F8 /* Release */,
			);
			defaultConfigurationIsVisible = 0;
		};
		FCFC1A541CCE1B9B009580F8 /* Build configuration list for PBXNativeTarget "SatelliteEarthImageTests" */ = {
			isa = XCConfigurationList;
			buildConfigurations = (
				FCFC1A551CCE1B9B009580F8 /* Debug */,
				FCFC1A561CCE1B9B009580F8 /* Release */,
			);
			defaultConfigurationIsVisible = 0;
		};
		FCFC1A571CCE1B9B009580F8 /* Build configuration list for PBXNativeTarget "SatelliteEarthImageUITests" */ = {
			isa = XCConfigurationList;
			buildConfigurations = (
				FCFC1A581CCE1B9B009580F8 /* Debug */,
				FCFC1A591CCE1B9B009580F8 /* Release */,
			);
			defaultConfigurationIsVisible = 0;
		};
/* End XCConfigurationList section */
	};
	rootObject = FCFC1A1C1CCE1B98009580F8 /* Project object */;
}
